
Microsoft Visual Studio Solution File, Format Version 12.00
# Visual Studio Version 16
VisualStudioVersion = 16.0.31624.102
MinimumVisualStudioVersion = 10.0.40219.1
Project("{FAE04EC0-301F-11D3-BF4B-00C04F79EFBC}") = "YonlenrımeRoute", "YonlenrımeRoute\YonlenrımeRoute.csproj", "{8943AA7C-0893-4601-9545-8FF20494A154}"
EndProject
Global
	GlobalSection(SolutionConfigurationPlatforms) = preSolution
		Debug|Any CPU = Debug|Any CPU
		Release|Any CPU = Release|Any CPU
	EndGlobalSection
	GlobalSection(ProjectConfigurationPlatforms) = postSolution
		{8943AA7C-0893-4601-9545-8FF20494A154}.Debug|Any CPU.ActiveCfg = Debug|Any CPU
		{8943AA7C-0893-4601-9545-8FF20494A154}.Debug|Any CPU.Build.0 = Debug|Any CPU
		{8943AA7C-0893-4601-9545-8FF20494A154}.Release|Any CPU.ActiveCfg = Release|Any CPU
		{8943AA7C-0893-4601-9545-8FF20494A154}.Release|Any CPU.Build.0 = Release|Any CPU
	EndGlobalSection
	GlobalSection(SolutionProperties) = preSolution
		HideSolutionNode = FALSE
	EndGlobalSection
	GlobalSection(ExtensibilityGlobals) = postSolution
		SolutionGuid = {46F24517-DF5B-4018-AD57-A6B2F6417F5E}
	EndGlobalSection
EndGlobal
